
Microsoft Visual Studio Solution File, Format Version 12.00
# Visual Studio 15
VisualStudioVersion = 15.0.28307.902
MinimumVisualStudioVersion = 10.0.40219.1
Project("{FAE04EC0-301F-11D3-BF4B-00C04F79EFBC}") = "TP1_CSharp_10-11-19", "TP1_CSharp_10-11-19\TP1_CSharp_10-11-19.csproj", "{5DCF2556-D3C6-448E-AAE0-D3360B6D70A1}"
EndProject
Global
	GlobalSection(SolutionConfigurationPlatforms) = preSolution
		Debug|Any CPU = Debug|Any CPU
		Release|Any CPU = Release|Any CPU
	EndGlobalSection
	GlobalSection(ProjectConfigurationPlatforms) = postSolution
		{5DCF2556-D3C6-448E-AAE0-D3360B6D70A1}.Debug|Any CPU.ActiveCfg = Debug|Any CPU
		{5DCF2556-D3C6-448E-AAE0-D3360B6D70A1}.Debug|Any CPU.Build.0 = Debug|Any CPU
		{5DCF2556-D3C6-448E-AAE0-D3360B6D70A1}.Release|Any CPU.ActiveCfg = Release|Any CPU
		{5DCF2556-D3C6-448E-AAE0-D3360B6D70A1}.Release|Any CPU.Build.0 = Release|Any CPU
	EndGlobalSection
	GlobalSection(SolutionProperties) = preSolution
		HideSolutionNode = FALSE
	EndGlobalSection
	GlobalSection(ExtensibilityGlobals) = postSolution
		SolutionGuid = {A572A29A-2387-4E9B-9F0A-89DFFB7888D3}
	EndGlobalSection
EndGlobal
